
Microsoft Visual Studio Solution File, Format Version 12.00
# Visual Studio Version 17
VisualStudioVersion = 17.13.35919.96
MinimumVisualStudioVersion = 10.0.40219.1
Project("{FAE04EC0-301F-11D3-BF4B-00C04F79EFBC}") = "tour_sales", "tour_sales\tour_sales.csproj", "{BC7A4F54-9EA2-42FF-ADF6-59044016F355}"
EndProject
Global
	GlobalSection(SolutionConfigurationPlatforms) = preSolution
		Debug|Any CPU = Debug|Any CPU
		Debug|x64 = Debug|x64
		Release|Any CPU = Release|Any CPU
		Release|x64 = Release|x64
		Toursale|Any CPU = Toursale|Any CPU
		Toursale|x64 = Toursale|x64
	EndGlobalSection
	GlobalSection(ProjectConfigurationPlatforms) = postSolution
		{BC7A4F54-9EA2-42FF-ADF6-59044016F355}.Debug|Any CPU.ActiveCfg = Debug|Any CPU
		{BC7A4F54-9EA2-42FF-ADF6-59044016F355}.Debug|Any CPU.Build.0 = Debug|Any CPU
		{BC7A4F54-9EA2-42FF-ADF6-59044016F355}.Debug|x64.ActiveCfg = Debug|x64
		{BC7A4F54-9EA2-42FF-ADF6-59044016F355}.Debug|x64.Build.0 = Debug|x64
		{BC7A4F54-9EA2-42FF-ADF6-59044016F355}.Release|Any CPU.ActiveCfg = Release|Any CPU
		{BC7A4F54-9EA2-42FF-ADF6-59044016F355}.Release|Any CPU.Build.0 = Release|Any CPU
		{BC7A4F54-9EA2-42FF-ADF6-59044016F355}.Release|x64.ActiveCfg = Release|x64
		{BC7A4F54-9EA2-42FF-ADF6-59044016F355}.Release|x64.Build.0 = Release|x64
		{BC7A4F54-9EA2-42FF-ADF6-59044016F355}.Toursale|Any CPU.ActiveCfg = Toursale|Any CPU
		{BC7A4F54-9EA2-42FF-ADF6-59044016F355}.Toursale|Any CPU.Build.0 = Toursale|Any CPU
		{BC7A4F54-9EA2-42FF-ADF6-59044016F355}.Toursale|x64.ActiveCfg = Toursale|x64
		{BC7A4F54-9EA2-42FF-ADF6-59044016F355}.Toursale|x64.Build.0 = Toursale|x64
	EndGlobalSection
	GlobalSection(SolutionProperties) = preSolution
		HideSolutionNode = FALSE
	EndGlobalSection
	GlobalSection(ExtensibilityGlobals) = postSolution
		SolutionGuid = {D1E4BCDD-B898-48B4-8E1F-58C21F3B1E0A}
	EndGlobalSection
EndGlobal
